PODS:
  - FBAnnotationClustering (0.1.2)
  - Mantle (2.0.2):
    - Mantle/extobjc (= 2.0.2)
  - Mantle/extobjc (2.0.2)
  - pop (1.0.7)
  - SAMSoundEffect (0.1.0)

DEPENDENCIES:
  - FBAnnotationClustering (~> 0.1)
  - Mantle (~> 2.0)
  - pop (~> 1.0)
  - SAMSoundEffect (~> 0.1)

SPEC CHECKSUMS:
  FBAnnotationClustering: 8be556cf48b27262acab01ad8419bc01703615e3
  Mantle: 967fd31ea0220890b2e76589198996b534bb3fb1
  pop: 628ffc631644601567ee8bfaaaea493ebd7d0923
  SAMSoundEffect: d09dec216800496975944dbcf717c8e1278dd607

COCOAPODS: 0.38.0
