PODS:
  - AFNetworking (2.5.3):
    - AFNetworking/NSURLConnection (= 2.5.3)
    - AFNetworking/NSURLSession (= 2.5.3)
    - AFNetworking/Reachability (= 2.5.3)
    - AFNetworking/Security (= 2.5.3)
    - AFNetworking/Serialization (= 2.5.3)
    - AFNetworking/UIKit (= 2.5.3)
  - AFNetworking/NSURLConnection (2.5.3):
    - AFNetworking/Reachability
    - AFNetworking/Security
    - AFNetworking/Serialization
  - AFNetworking/NSURLSession (2.5.3):
    - AFNetworking/Reachability
    - AFNetworking/Security
    - AFNetworking/Serialization
  - AFNetworking/Reachability (2.5.3)
  - AFNetworking/Security (2.5.3)
  - AFNetworking/Serialization (2.5.3)
  - AFNetworking/UIKit (2.5.3):
    - AFNetworking/NSURLConnection
    - AFNetworking/NSURLSession
  - FBAnnotationClustering (0.1.1)
  - Mantle (1.5.4):
    - Mantle/extobjc (= 1.5.4)
  - Mantle/extobjc (1.5.4)
  - pop (1.0.7)
  - SAMSoundEffect (0.1.0)

DEPENDENCIES:
  - AFNetworking (~> 2.5)
  - FBAnnotationClustering (~> 0.1)
  - Mantle (~> 1.5)
  - pop (~> 1.0)
  - SAMSoundEffect (~> 0.1)

SPEC CHECKSUMS:
  AFNetworking: e1d86c2a96bb5d2e7408da36149806706ee122fe
  FBAnnotationClustering: 8f5da79dde2e6383da7a1599b3c52fa889e6e131
  Mantle: 60acd0cd363e27d945bda0a6b8e90577112d28f3
  pop: 628ffc631644601567ee8bfaaaea493ebd7d0923
  SAMSoundEffect: d09dec216800496975944dbcf717c8e1278dd607

COCOAPODS: 0.35.0
